
Microsoft Visual Studio Solution File, Format Version 12.00
# Visual Studio 15
VisualStudioVersion = 15.0.28307.539
MinimumVisualStudioVersion = 10.0.40219.1
Project("{FAE04EC0-301F-11D3-BF4B-00C04F79EFBC}") = "TheTwoCouples", "TheTwoCouples\TheTwoCouples.csproj", "{83107429-56DE-4A84-BE73-DD9092BA3F3F}"
EndProject
Global
	GlobalSection(SolutionConfigurationPlatforms) = preSolution
		Debug|Any CPU = Debug|Any CPU
		Release|Any CPU = Release|Any CPU
	EndGlobalSection
	GlobalSection(ProjectConfigurationPlatforms) = postSolution
		{83107429-56DE-4A84-BE73-DD9092BA3F3F}.Debug|Any CPU.ActiveCfg = Debug|Any CPU
		{83107429-56DE-4A84-BE73-DD9092BA3F3F}.Debug|Any CPU.Build.0 = Debug|Any CPU
		{83107429-56DE-4A84-BE73-DD9092BA3F3F}.Release|Any CPU.ActiveCfg = Release|Any CPU
		{83107429-56DE-4A84-BE73-DD9092BA3F3F}.Release|Any CPU.Build.0 = Release|Any CPU
	EndGlobalSection
	GlobalSection(SolutionProperties) = preSolution
		HideSolutionNode = FALSE
	EndGlobalSection
	GlobalSection(ExtensibilityGlobals) = postSolution
		SolutionGuid = {E190C1A9-177E-40FC-B066-53D4FCF85346}
	EndGlobalSection
EndGlobal
