
Microsoft Visual Studio Solution File, Format Version 12.00
# Visual Studio 15
VisualStudioVersion = 15.0.28307.539
MinimumVisualStudioVersion = 10.0.40219.1
Project("{FAE04EC0-301F-11D3-BF4B-00C04F79EFBC}") = "FinalClassExample", "FinalClassExample\FinalClassExample.csproj", "{6731C2CC-4825-4A22-B25B-F129803818C9}"
EndProject
Global
	GlobalSection(SolutionConfigurationPlatforms) = preSolution
		Debug|Any CPU = Debug|Any CPU
		Release|Any CPU = Release|Any CPU
	EndGlobalSection
	GlobalSection(ProjectConfigurationPlatforms) = postSolution
		{6731C2CC-4825-4A22-B25B-F129803818C9}.Debug|Any CPU.ActiveCfg = Debug|Any CPU
		{6731C2CC-4825-4A22-B25B-F129803818C9}.Debug|Any CPU.Build.0 = Debug|Any CPU
		{6731C2CC-4825-4A22-B25B-F129803818C9}.Release|Any CPU.ActiveCfg = Release|Any CPU
		{6731C2CC-4825-4A22-B25B-F129803818C9}.Release|Any CPU.Build.0 = Release|Any CPU
	EndGlobalSection
	GlobalSection(SolutionProperties) = preSolution
		HideSolutionNode = FALSE
	EndGlobalSection
	GlobalSection(ExtensibilityGlobals) = postSolution
		SolutionGuid = {BA32D6F7-2C32-4A82-8105-3C3E6B2D1F38}
	EndGlobalSection
EndGlobal
